
Microsoft Visual Studio Solution File, Format Version 12.00
# Visual Studio 15
VisualStudioVersion = 15.0.28307.705
MinimumVisualStudioVersion = 10.0.40219.1
Project("{FAE04EC0-301F-11D3-BF4B-00C04F79EFBC}") = "MVC5", "MVC5\MVC5.csproj", "{C4E9E875-1C4B-465A-9B3F-5AD3E301E4F3}"
EndProject
Global
	GlobalSection(SolutionConfigurationPlatforms) = preSolution
		Debug|Any CPU = Debug|Any CPU
		Release|Any CPU = Release|Any CPU
	EndGlobalSection
	GlobalSection(ProjectConfigurationPlatforms) = postSolution
		{C4E9E875-1C4B-465A-9B3F-5AD3E301E4F3}.Debug|Any CPU.ActiveCfg = Debug|Any CPU
		{C4E9E875-1C4B-465A-9B3F-5AD3E301E4F3}.Debug|Any CPU.Build.0 = Debug|Any CPU
		{C4E9E875-1C4B-465A-9B3F-5AD3E301E4F3}.Release|Any CPU.ActiveCfg = Release|Any CPU
		{C4E9E875-1C4B-465A-9B3F-5AD3E301E4F3}.Release|Any CPU.Build.0 = Release|Any CPU
	EndGlobalSection
	GlobalSection(SolutionProperties) = preSolution
		HideSolutionNode = FALSE
	EndGlobalSection
	GlobalSection(ExtensibilityGlobals) = postSolution
		SolutionGuid = {24CDC282-2EDA-4F07-A3CB-DB480A19788B}
	EndGlobalSection
EndGlobal
